{
  "name": "zen-articles",
  "version": "1.0.2",
  "lockfileVersion": 2,
  "requires": true,
  "packages": {
    "": {
      "name": "zen-articles",
      "version": "1.0.2",
      "license": "MIT",
      "dependencies": {
        "zenn-cli": "^0.1.135"
      }
    },
    "node_modules/zenn-cli": {
      "version": "0.1.135",
      "resolved": "https://registry.npmjs.org/zenn-cli/-/zenn-cli-0.1.135.tgz",
      "integrity": "sha512-R7s4yEdcWJ7U1EhjW0AwqWVOcx92xLx0nebE840HD1DGfoxYUsHT9vD4g8voBHeO4Yl8oj/U6zfRk1kLcyAnIQ==",
      "bin": {
        "zenn": "dist/server/zenn.js"
      },
      "engines": {
        "node": ">=14.0.0"
      }
    }
  },
  "dependencies": {
    "zenn-cli": {
      "version": "0.1.135",
      "resolved": "https://registry.npmjs.org/zenn-cli/-/zenn-cli-0.1.135.tgz",
      "integrity": "sha512-R7s4yEdcWJ7U1EhjW0AwqWVOcx92xLx0nebE840HD1DGfoxYUsHT9vD4g8voBHeO4Yl8oj/U6zfRk1kLcyAnIQ=="
    }
  }
}
