{
  "name": "zen-articles",
  "version": "1.0.2",
  "lockfileVersion": 3,
  "requires": true,
  "packages": {
    "": {
      "name": "zen-articles",
      "version": "1.0.2",
      "license": "MIT",
      "dependencies": {
        "prettier": "^3.6.2",
        "zenn-cli": "^0.1.159"
      }
    },
    "node_modules/prettier": {
      "version": "3.6.2",
      "resolved": "https://registry.npmjs.org/prettier/-/prettier-3.6.2.tgz",
      "integrity": "sha512-I7AIg5boAr5R0FFtJ6rCfD+LFsWHp81dolrFD8S79U9tb8Az2nGrJncnMSnys+bpQJfRUzqs9hnA81OAA3hCuQ==",
      "bin": {
        "prettier": "bin/prettier.cjs"
      },
      "engines": {
        "node": ">=14"
      },
      "funding": {
        "url": "https://github.com/prettier/prettier?sponsor=1"
      }
    },
    "node_modules/zenn-cli": {
      "version": "0.1.159",
      "resolved": "https://registry.npmjs.org/zenn-cli/-/zenn-cli-0.1.159.tgz",
      "integrity": "sha512-a4/Lkg3DnxWlYh2Z0abuvvmpQc0BnfTQrVyNQxYm+IOrwGJepZabwWTT0Q3eZ3r7hAV/xd8MZsmZL3y3pzMpAA==",
      "license": "MIT",
      "bin": {
        "zenn": "dist/server/zenn.js"
      },
      "engines": {
        "node": ">=14.0.0"
      }
    }
  }
}
