lockfileVersion: '6.0'

settings:
  autoInstallPeers: true
  excludeLinksFromLockfile: false

dependencies:
  prettier:
    specifier: ^3.1.1
    version: 3.1.1
  zenn-cli:
    specifier: ^0.1.144
    version: 0.1.144

packages:

  /prettier@3.1.1:
    resolution: {integrity: sha512-22UbSzg8luF4UuZtzgiUOfcGM8s4tjBv6dJRT7j275NXsy2jb4aJa4NNveul5x4eqlF1wuhuR2RElK71RvmVaw==}
    engines: {node: '>=14'}
    hasBin: true
    dev: false

  /zenn-cli@0.1.144:
    resolution: {integrity: sha512-vReeYJg2ySjIUKSm5shKdi8rLmMO31Mtk7/xcTJVMSY0sLWJemTgtV8Mcpe1lIvTLKwg5SjfAa3iWjX0HIy3EA==}
    engines: {node: '>=14.0.0'}
    hasBin: true
    dev: false
