lockfileVersion: '9.0'

settings:
  autoInstallPeers: true
  excludeLinksFromLockfile: false

importers:

  .:
    dependencies:
      prettier:
        specifier: ^3.5.2
        version: 3.5.2
      zenn-cli:
        specifier: ^0.1.158
        version: 0.1.158

packages:

  prettier@3.5.2:
    resolution: {integrity: sha512-lc6npv5PH7hVqozBR7lkBNOGXV9vMwROAPlumdBkX0wTbbzPu/U1hk5yL8p2pt4Xoc+2mkT8t/sow2YrV/M5qg==}
    engines: {node: '>=14'}
    hasBin: true

  zenn-cli@0.1.158:
    resolution: {integrity: sha512-bvQ96fK+9qw+SKxEmncg/rYU+1u0V6Bh+HuV8By+u4L+VZt/jn9hFyL+KWj/2ncSBDtcEBo6XLsCdNLxlUo+RA==}
    engines: {node: '>=14.0.0'}
    hasBin: true

snapshots:

  prettier@3.5.2: {}

  zenn-cli@0.1.158: {}
